{
  "name": "ica-youth-project",
  "version": "0.1.0",
  "lockfileVersion": 1,
  "requires": true,
  "dependencies": {
    "requirejs": {
      "version": "2.3.6",
      "resolved": "https://registry.npmjs.org/requirejs/-/requirejs-2.3.6.tgz",
      "integrity": "sha512-ipEzlWQe6RK3jkzikgCupiTbTvm4S0/CAU5GlgptkN5SO6F3u0UD0K18wy6ErDqiCyP4J4YYe1HuAShvsxePLg=="
    },
    "sea-map": {
      "version": "github:SolidarityEconomyAssociation/sea-map#4f1dc706a6398e9cab81cf5a70b0a83818d12092",
      "from": "github:SolidarityEconomyAssociation/sea-map#semver:^0.1.22",
      "requires": {
        "requirejs": "^2.3.6"
      }
    }
  }
}
